
Microsoft Visual Studio Solution File, Format Version 12.00
# Visual Studio Version 17
VisualStudioVersion = 17.0.32112.339
MinimumVisualStudioVersion = 10.0.40219.1
Project("{FAE04EC0-301F-11D3-BF4B-00C04F79EFBC}") = "ProductOrderAlgoritm", "ProductOrderAlgoritm\ProductOrderAlgoritm.csproj", "{0DAC8737-FD90-4940-9804-E4762AB55DBB}"
EndProject
Global
	GlobalSection(SolutionConfigurationPlatforms) = preSolution
		Debug|Any CPU = Debug|Any CPU
		Release|Any CPU = Release|Any CPU
	EndGlobalSection
	GlobalSection(ProjectConfigurationPlatforms) = postSolution
		{0DAC8737-FD90-4940-9804-E4762AB55DBB}.Debug|Any CPU.ActiveCfg = Debug|Any CPU
		{0DAC8737-FD90-4940-9804-E4762AB55DBB}.Debug|Any CPU.Build.0 = Debug|Any CPU
		{0DAC8737-FD90-4940-9804-E4762AB55DBB}.Release|Any CPU.ActiveCfg = Release|Any CPU
		{0DAC8737-FD90-4940-9804-E4762AB55DBB}.Release|Any CPU.Build.0 = Release|Any CPU
	EndGlobalSection
	GlobalSection(SolutionProperties) = preSolution
		HideSolutionNode = FALSE
	EndGlobalSection
	GlobalSection(ExtensibilityGlobals) = postSolution
		SolutionGuid = {172FDEE2-9C6A-43C5-84A2-4B4F1C109D4D}
	EndGlobalSection
EndGlobal
